
Microsoft Visual Studio Solution File, Format Version 12.00
# Visual Studio Version 17
VisualStudioVersion = 17.9.34902.65
MinimumVisualStudioVersion = 10.0.40219.1
Project("{9A19103F-16F7-4668-BE54-9A1E7A4F7556}") = "GarajYeriHI.Web", "GarajYeriHI.Web\GarajYeriHI.Web.csproj", "{488958E3-1D48-4DA1-9BF6-105D710BD7E5}"
EndProject
Project("{9A19103F-16F7-4668-BE54-9A1E7A4F7556}") = "GarajYeriHI.Models", "GarajYeriHI.Models\GarajYeriHI.Models.csproj", "{DD12E546-7385-4927-AE36-9A6A97732024}"
EndProject
Project("{9A19103F-16F7-4668-BE54-9A1E7A4F7556}") = "GarajYeriHI.Data", "GarajYeriHI.Data\GarajYeriHI.Data.csproj", "{B4A4C645-3CFB-4B75-90FD-65D703B67D9B}"
EndProject
Project("{9A19103F-16F7-4668-BE54-9A1E7A4F7556}") = "GarajYeriHI.Repository", "GarajYeriHI.Repository\GarajYeriHI.Repository.csproj", "{94BA4C63-6425-42FA-9588-B915630B78A1}"
EndProject
Global
	GlobalSection(SolutionConfigurationPlatforms) = preSolution
		Debug|Any CPU = Debug|Any CPU
		Release|Any CPU = Release|Any CPU
	EndGlobalSection
	GlobalSection(ProjectConfigurationPlatforms) = postSolution
		{488958E3-1D48-4DA1-9BF6-105D710BD7E5}.Debug|Any CPU.ActiveCfg = Debug|Any CPU
		{488958E3-1D48-4DA1-9BF6-105D710BD7E5}.Debug|Any CPU.Build.0 = Debug|Any CPU
		{488958E3-1D48-4DA1-9BF6-105D710BD7E5}.Release|Any CPU.ActiveCfg = Release|Any CPU
		{488958E3-1D48-4DA1-9BF6-105D710BD7E5}.Release|Any CPU.Build.0 = Release|Any CPU
		{DD12E546-7385-4927-AE36-9A6A97732024}.Debug|Any CPU.ActiveCfg = Debug|Any CPU
		{DD12E546-7385-4927-AE36-9A6A97732024}.Debug|Any CPU.Build.0 = Debug|Any CPU
		{DD12E546-7385-4927-AE36-9A6A97732024}.Release|Any CPU.ActiveCfg = Release|Any CPU
		{DD12E546-7385-4927-AE36-9A6A97732024}.Release|Any CPU.Build.0 = Release|Any CPU
		{B4A4C645-3CFB-4B75-90FD-65D703B67D9B}.Debug|Any CPU.ActiveCfg = Debug|Any CPU
		{B4A4C645-3CFB-4B75-90FD-65D703B67D9B}.Debug|Any CPU.Build.0 = Debug|Any CPU
		{B4A4C645-3CFB-4B75-90FD-65D703B67D9B}.Release|Any CPU.ActiveCfg = Release|Any CPU
		{B4A4C645-3CFB-4B75-90FD-65D703B67D9B}.Release|Any CPU.Build.0 = Release|Any CPU
		{94BA4C63-6425-42FA-9588-B915630B78A1}.Debug|Any CPU.ActiveCfg = Debug|Any CPU
		{94BA4C63-6425-42FA-9588-B915630B78A1}.Debug|Any CPU.Build.0 = Debug|Any CPU
		{94BA4C63-6425-42FA-9588-B915630B78A1}.Release|Any CPU.ActiveCfg = Release|Any CPU
		{94BA4C63-6425-42FA-9588-B915630B78A1}.Release|Any CPU.Build.0 = Release|Any CPU
	EndGlobalSection
	GlobalSection(SolutionProperties) = preSolution
		HideSolutionNode = FALSE
	EndGlobalSection
	GlobalSection(ExtensibilityGlobals) = postSolution
		SolutionGuid = {F06644D8-38DA-4059-874E-E0943A9575F1}
	EndGlobalSection
EndGlobal
